
Microsoft Visual Studio Solution File, Format Version 12.00
# Visual Studio 15
VisualStudioVersion = 15.0.26730.16
MinimumVisualStudioVersion = 10.0.40219.1
Project("{FAE04EC0-301F-11D3-BF4B-00C04F79EFBC}") = "StockSearch", "StockSearch\StockSearch.csproj", "{F08ECF87-F1BE-4B24-AE3C-C1CF82059224}"
EndProject
Global
	GlobalSection(SolutionConfigurationPlatforms) = preSolution
		Debug|Any CPU = Debug|Any CPU
		Release|Any CPU = Release|Any CPU
	EndGlobalSection
	GlobalSection(ProjectConfigurationPlatforms) = postSolution
		{F08ECF87-F1BE-4B24-AE3C-C1CF82059224}.Debug|Any CPU.ActiveCfg = Debug|Any CPU
		{F08ECF87-F1BE-4B24-AE3C-C1CF82059224}.Debug|Any CPU.Build.0 = Debug|Any CPU
		{F08ECF87-F1BE-4B24-AE3C-C1CF82059224}.Release|Any CPU.ActiveCfg = Release|Any CPU
		{F08ECF87-F1BE-4B24-AE3C-C1CF82059224}.Release|Any CPU.Build.0 = Release|Any CPU
	EndGlobalSection
	GlobalSection(SolutionProperties) = preSolution
		HideSolutionNode = FALSE
	EndGlobalSection
	GlobalSection(ExtensibilityGlobals) = postSolution
		SolutionGuid = {AD6AAE9B-9A15-4AE2-A6F3-1DC7F4CDED01}
	EndGlobalSection
EndGlobal
